// !$*UTF8*$!
{
	archiveVersion = 1;
	classes = {
	};
	objectVersion = 50;
	objects = {

/* Begin PBXBuildFile section */
		324DB94C248DD4520024CA7B /* AppDelegate.swift in Sources */ = {isa = PBXBuildFile; fileRef = 324DB94B248DD4520024CA7B /* AppDelegate.swift */; };
		324DB94E248DD4520024CA7B /* SceneDelegate.swift in Sources */ = {isa = PBXBuildFile; fileRef = 324DB94D248DD4520024CA7B /* SceneDelegate.swift */; };
		324DB950248DD4520024CA7B /* ViewController.swift in Sources */ = {isa = PBXBuildFile; fileRef = 324DB94F248DD4520024CA7B /* ViewController.swift */; };
		324DB953248DD4520024CA7B /* Main.storyboard in Resources */ = {isa = PBXBuildFile; fileRef = 324DB951248DD4520024CA7B /* Main.storyboard */; };
		324DB955248DD4540024CA7B /* Assets.xcassets in Resources */ = {isa = PBXBuildFile; fileRef = 324DB954248DD4540024CA7B /* Assets.xcassets */; };
		324DB958248DD4540024CA7B /* LaunchScreen.storyboard in Resources */ = {isa = PBXBuildFile; fileRef = 324DB956248DD4540024CA7B /* LaunchScreen.storyboard */; };
		324DB961248E12E40024CA7B /* DetailViewController.swift in Sources */ = {isa = PBXBuildFile; fileRef = 324DB95F248E12E30024CA7B /* DetailViewController.swift */; };
		324DB962248E12E40024CA7B /* DetailViewController.xib in Resources */ = {isa = PBXBuildFile; fileRef = 324DB960248E12E30024CA7B /* DetailViewController.xib */; };
		324DB964248E19BA0024CA7B /* sdgsinfo.swift in Sources */ = {isa = PBXBuildFile; fileRef = 324DB963248E19BA0024CA7B /* sdgsinfo.swift */; };
		324DB987249078940024CA7B /* ToDoTableViewCell.swift in Sources */ = {isa = PBXBuildFile; fileRef = 324DB985249078940024CA7B /* ToDoTableViewCell.swift */; };
		324DB988249078940024CA7B /* ToDoTableViewCell.xib in Resources */ = {isa = PBXBuildFile; fileRef = 324DB986249078940024CA7B /* ToDoTableViewCell.xib */; };
/* End PBXBuildFile section */

/* Begin PBXFileReference section */
		324DB948248DD4520024CA7B /* collectionview2.app */ = {isa = PBXFileReference; explicitFileType = wrapper.application; includeInIndex = 0; path = collectionview2.app; sourceTree = BUILT_PRODUCTS_DIR; };
		324DB94B248DD4520024CA7B /* AppDelegate.swift */ = {isa = PBXFileReference; lastKnownFileType = sourcecode.swift; path = AppDelegate.swift; sourceTree = "<group>"; };
		324DB94D248DD4520024CA7B /* SceneDelegate.swift */ = {isa = PBXFileReference; lastKnownFileType = sourcecode.swift; path = SceneDelegate.swift; sourceTree = "<group>"; };
		324DB94F248DD4520024CA7B /* ViewController.swift */ = {isa = PBXFileReference; lastKnownFileType = sourcecode.swift; path = ViewController.swift; sourceTree = "<group>"; };
		324DB952248DD4520024CA7B /* Base */ = {isa = PBXFileReference; lastKnownFileType = file.storyboard; name = Base; path = Base.lproj/Main.storyboard; sourceTree = "<group>"; };
		324DB954248DD4540024CA7B /* Assets.xcassets */ = {isa = PBXFileReference; lastKnownFileType = folder.assetcatalog; path = Assets.xcassets; sourceTree = "<group>"; };
		324DB957248DD4540024CA7B /* Base */ = {isa = PBXFileReference; lastKnownFileType = file.storyboard; name = Base; path = Base.lproj/LaunchScreen.storyboard; sourceTree = "<group>"; };
		324DB959248DD4540024CA7B /* Info.plist */ = {isa = PBXFileReference; lastKnownFileType = text.plist.xml; path = Info.plist; sourceTree = "<group>"; };
		324DB95F248E12E30024CA7B /* DetailViewController.swift */ = {isa = PBXFileReference; lastKnownFileType = sourcecode.swift; path = DetailViewController.swift; sourceTree = "<group>"; };
		324DB960248E12E30024CA7B /* DetailViewController.xib */ = {isa = PBXFileReference; lastKnownFileType = file.xib; path = DetailViewController.xib; sourceTree = "<group>"; };
		324DB963248E19BA0024CA7B /* sdgsinfo.swift */ = {isa = PBXFileReference; lastKnownFileType = sourcecode.swift; path = sdgsinfo.swift; sourceTree = "<group>"; };
		324DB985249078940024CA7B /* ToDoTableViewCell.swift */ = {isa = PBXFileReference; lastKnownFileType = sourcecode.swift; path = ToDoTableViewCell.swift; sourceTree = "<group>"; };
		324DB986249078940024CA7B /* ToDoTableViewCell.xib */ = {isa = PBXFileReference; lastKnownFileType = file.xib; path = ToDoTableViewCell.xib; sourceTree = "<group>"; };
/* End PBXFileReference section */

/* Begin PBXFrameworksBuildPhase section */
		324DB945248DD4520024CA7B /* Frameworks */ = {
			isa = PBXFrameworksBuildPhase;
			buildActionMask = 2147483647;
			files = (
			);
			runOnlyForDeploymentPostprocessing = 0;
		};
/* End PBXFrameworksBuildPhase section */

/* Begin PBXGroup section */
		324DB93F248DD4520024CA7B = {
			isa = PBXGroup;
			children = (
				324DB94A248DD4520024CA7B /* collectionview2 */,
				324DB949248DD4520024CA7B /* Products */,
			);
			sourceTree = "<group>";
		};
		324DB949248DD4520024CA7B /* Products */ = {
			isa = PBXGroup;
			children = (
				324DB948248DD4520024CA7B /* collectionview2.app */,
			);
			name = Products;
			sourceTree = "<group>";
		};
		324DB94A248DD4520024CA7B /* collectionview2 */ = {
			isa = PBXGroup;
			children = (
				324DB94B248DD4520024CA7B /* AppDelegate.swift */,
				324DB94D248DD4520024CA7B /* SceneDelegate.swift */,
				324DB94F248DD4520024CA7B /* ViewController.swift */,
				324DB951248DD4520024CA7B /* Main.storyboard */,
				324DB954248DD4540024CA7B /* Assets.xcassets */,
				324DB956248DD4540024CA7B /* LaunchScreen.storyboard */,
				324DB959248DD4540024CA7B /* Info.plist */,
				324DB95F248E12E30024CA7B /* DetailViewController.swift */,
				324DB960248E12E30024CA7B /* DetailViewController.xib */,
				324DB963248E19BA0024CA7B /* sdgsinfo.swift */,
				324DB985249078940024CA7B /* ToDoTableViewCell.swift */,
				324DB986249078940024CA7B /* ToDoTableViewCell.xib */,
			);
			path = collectionview2;
			sourceTree = "<group>";
		};
/* End PBXGroup section */

/* Begin PBXNativeTarget section */
		324DB947248DD4520024CA7B /* collectionview2 */ = {
			isa = PBXNativeTarget;
			buildConfigurationList = 324DB95C248DD4540024CA7B /* Build configuration list for PBXNativeTarget "collectionview2" */;
			buildPhases = (
				324DB944248DD4520024CA7B /* Sources */,
				324DB945248DD4520024CA7B /* Frameworks */,
				324DB946248DD4520024CA7B /* Resources */,
			);
			buildRules = (
			);
			dependencies = (
			);
			name = collectionview2;
			productName = collectionview2;
			productReference = 324DB948248DD4520024CA7B /* collectionview2.app */;
			productType = "com.apple.product-type.application";
		};
/* End PBXNativeTarget section */

/* Begin PBXProject section */
		324DB940248DD4520024CA7B /* Project object */ = {
			isa = PBXProject;
			attributes = {
				LastSwiftUpdateCheck = 1150;
				LastUpgradeCheck = 1150;
				ORGANIZATIONNAME = "葛西　佳祐";
				TargetAttributes = {
					324DB947248DD4520024CA7B = {
						CreatedOnToolsVersion = 11.5;
					};
				};
			};
			buildConfigurationList = 324DB943248DD4520024CA7B /* Build configuration list for PBXProject "collectionview2" */;
			compatibilityVersion = "Xcode 9.3";
			developmentRegion = en;
			hasScannedForEncodings = 0;
			knownRegions = (
				en,
				Base,
			);
			mainGroup = 324DB93F248DD4520024CA7B;
			productRefGroup = 324DB949248DD4520024CA7B /* Products */;
			projectDirPath = "";
			projectRoot = "";
			targets = (
				324DB947248DD4520024CA7B /* collectionview2 */,
			);
		};
/* End PBXProject section */

/* Begin PBXResourcesBuildPhase section */
		324DB946248DD4520024CA7B /* Resources */ = {
			isa = PBXResourcesBuildPhase;
			buildActionMask = 2147483647;
			files = (
				324DB958248DD4540024CA7B /* LaunchScreen.storyboard in Resources */,
				324DB988249078940024CA7B /* ToDoTableViewCell.xib in Resources */,
				324DB955248DD4540024CA7B /* Assets.xcassets in Resources */,
				324DB953248DD4520024CA7B /* Main.storyboard in Resources */,
				324DB962248E12E40024CA7B /* DetailViewController.xib in Resources */,
			);
			runOnlyForDeploymentPostprocessing = 0;
		};
/* End PBXResourcesBuildPhase section */

/* Begin PBXSourcesBuildPhase section */
		324DB944248DD4520024CA7B /* Sources */ = {
			isa = PBXSourcesBuildPhase;
			buildActionMask = 2147483647;
			files = (
				324DB964248E19BA0024CA7B /* sdgsinfo.swift in Sources */,
				324DB950248DD4520024CA7B /* ViewController.swift in Sources */,
				324DB94C248DD4520024CA7B /* AppDelegate.swift in Sources */,
				324DB987249078940024CA7B /* ToDoTableViewCell.swift in Sources */,
				324DB94E248DD4520024CA7B /* SceneDelegate.swift in Sources */,
				324DB961248E12E40024CA7B /* DetailViewController.swift in Sources */,
			);
			runOnlyForDeploymentPostprocessing = 0;
		};
/* End PBXSourcesBuildPhase section */

/* Begin PBXVariantGroup section */
		324DB951248DD4520024CA7B /* Main.storyboard */ = {
			isa = PBXVariantGroup;
			children = (
				324DB952248DD4520024CA7B /* Base */,
			);
			name = Main.storyboard;
			sourceTree = "<group>";
		};
		324DB956248DD4540024CA7B /* LaunchScreen.storyboard */ = {
			isa = PBXVariantGroup;
			children = (
				324DB957248DD4540024CA7B /* Base */,
			);
			name = LaunchScreen.storyboard;
			sourceTree = "<group>";
		};
/* End PBXVariantGroup section */

/* Begin XCBuildConfiguration section */
		324DB95A248DD4540024CA7B /* Debug */ = {
			isa = XCBuildConfiguration;
			buildSettings = {
				ALWAYS_SEARCH_USER_PATHS = NO;
				CLANG_ANALYZER_NONNULL = YES;
				CLANG_ANALYZER_NUMBER_OBJECT_CONVERSION = YES_AGGRESSIVE;
				CLANG_CXX_LANGUAGE_STANDARD = "gnu++14";
				CLANG_CXX_LIBRARY = "libc++";
				CLANG_ENABLE_MODULES = YES;
				CLANG_ENABLE_OBJC_ARC = YES;
				CLANG_ENABLE_OBJC_WEAK = YES;
				CLANG_WARN_BLOCK_CAPTURE_AUTORELEASING = YES;
				CLANG_WARN_BOOL_CONVERSION = YES;
				CLANG_WARN_COMMA = YES;
				CLANG_WARN_CONSTANT_CONVERSION = YES;
				CLANG_WARN_DEPRECATED_OBJC_IMPLEMENTATIONS = YES;
				CLANG_WARN_DIRECT_OBJC_ISA_USAGE = YES_ERROR;
				CLANG_WARN_DOCUMENTATION_COMMENTS = YES;
				CLANG_WARN_EMPTY_BODY = YES;
				CLANG_WARN_ENUM_CONVERSION = YES;
				CLANG_WARN_INFINITE_RECURSION = YES;
				CLANG_WARN_INT_CONVERSION = YES;
				CLANG_WARN_NON_LITERAL_NULL_CONVERSION = YES;
				CLANG_WARN_OBJC_IMPLICIT_RETAIN_SELF = YES;
				CLANG_WARN_OBJC_LITERAL_CONVERSION = YES;
				CLANG_WARN_OBJC_ROOT_CLASS = YES_ERROR;
				CLANG_WARN_RANGE_LOOP_ANALYSIS = YES;
				CLANG_WARN_STRICT_PROTOTYPES = YES;
				CLANG_WARN_SUSPICIOUS_MOVE = YES;
				CLANG_WARN_UNGUARDED_AVAILABILITY = YES_AGGRESSIVE;
				CLANG_WARN_UNREACHABLE_CODE = YES;
				CLANG_WARN__DUPLICATE_METHOD_MATCH = YES;
				COPY_PHASE_STRIP = NO;
				DEBUG_INFORMATION_FORMAT = dwarf;
				ENABLE_STRICT_OBJC_MSGSEND = YES;
				ENABLE_TESTABILITY = YES;
				GCC_C_LANGUAGE_STANDARD = gnu11;
				GCC_DYNAMIC_NO_PIC = NO;
				GCC_NO_COMMON_BLOCKS = YES;
				GCC_OPTIMIZATION_LEVEL = 0;
				GCC_PREPROCESSOR_DEFINITIONS = (
					"DEBUG=1",
					"$(inherited)",
				);
				GCC_WARN_64_TO_32_BIT_CONVERSION = YES;
				GCC_WARN_ABOUT_RETURN_TYPE = YES_ERROR;
				GCC_WARN_UNDECLARED_SELECTOR = YES;
				GCC_WARN_UNINITIALIZED_AUTOS = YES_AGGRESSIVE;
				GCC_WARN_UNUSED_FUNCTION = YES;
				GCC_WARN_UNUSED_VARIABLE = YES;
				IPHONEOS_DEPLOYMENT_TARGET = 13.5;
				MTL_ENABLE_DEBUG_INFO = INCLUDE_SOURCE;
				MTL_FAST_MATH = YES;
				ONLY_ACTIVE_ARCH = YES;
				SDKROOT = iphoneos;
				SWIFT_ACTIVE_COMPILATION_CONDITIONS = DEBUG;
				SWIFT_OPTIMIZATION_LEVEL = "-Onone";
			};
			name = Debug;
		};
		324DB95B248DD4540024CA7B /* Release */ = {
			isa = XCBuildConfiguration;
			buildSettings = {
				ALWAYS_SEARCH_USER_PATHS = NO;
				CLANG_ANALYZER_NONNULL = YES;
				CLANG_ANALYZER_NUMBER_OBJECT_CONVERSION = YES_AGGRESSIVE;
				CLANG_CXX_LANGUAGE_STANDARD = "gnu++14";
				CLANG_CXX_LIBRARY = "libc++";
				CLANG_ENABLE_MODULES = YES;
				CLANG_ENABLE_OBJC_ARC = YES;
				CLANG_ENABLE_OBJC_WEAK = YES;
				CLANG_WARN_BLOCK_CAPTURE_AUTORELEASING = YES;
				CLANG_WARN_BOOL_CONVERSION = YES;
				CLANG_WARN_COMMA = YES;
				CLANG_WARN_CONSTANT_CONVERSION = YES;
				CLANG_WARN_DEPRECATED_OBJC_IMPLEMENTATIONS = YES;
				CLANG_WARN_DIRECT_OBJC_ISA_USAGE = YES_ERROR;
				CLANG_WARN_DOCUMENTATION_COMMENTS = YES;
				CLANG_WARN_EMPTY_BODY = YES;
				CLANG_WARN_ENUM_CONVERSION = YES;
				CLANG_WARN_INFINITE_RECURSION = YES;
				CLANG_WARN_INT_CONVERSION = YES;
				CLANG_WARN_NON_LITERAL_NULL_CONVERSION = YES;
				CLANG_WARN_OBJC_IMPLICIT_RETAIN_SELF = YES;
				CLANG_WARN_OBJC_LITERAL_CONVERSION = YES;
				CLANG_WARN_OBJC_ROOT_CLASS = YES_ERROR;
				CLANG_WARN_RANGE_LOOP_ANALYSIS = YES;
				CLANG_WARN_STRICT_PROTOTYPES = YES;
				CLANG_WARN_SUSPICIOUS_MOVE = YES;
				CLANG_WARN_UNGUARDED_AVAILABILITY = YES_AGGRESSIVE;
				CLANG_WARN_UNREACHABLE_CODE = YES;
				CLANG_WARN__DUPLICATE_METHOD_MATCH = YES;
				COPY_PHASE_STRIP = NO;
				DEBUG_INFORMATION_FORMAT = "dwarf-with-dsym";
				ENABLE_NS_ASSERTIONS = NO;
				ENABLE_STRICT_OBJC_MSGSEND = YES;
				GCC_C_LANGUAGE_STANDARD = gnu11;
				GCC_NO_COMMON_BLOCKS = YES;
				GCC_WARN_64_TO_32_BIT_CONVERSION = YES;
				GCC_WARN_ABOUT_RETURN_TYPE = YES_ERROR;
				GCC_WARN_UNDECLARED_SELECTOR = YES;
				GCC_WARN_UNINITIALIZED_AUTOS = YES_AGGRESSIVE;
				GCC_WARN_UNUSED_FUNCTION = YES;
				GCC_WARN_UNUSED_VARIABLE = YES;
				IPHONEOS_DEPLOYMENT_TARGET = 13.5;
				MTL_ENABLE_DEBUG_INFO = NO;
				MTL_FAST_MATH = YES;
				SDKROOT = iphoneos;
				SWIFT_COMPILATION_MODE = wholemodule;
				SWIFT_OPTIMIZATION_LEVEL = "-O";
				VALIDATE_PRODUCT = YES;
			};
			name = Release;
		};
		324DB95D248DD4540024CA7B /* Debug */ = {
			isa = XCBuildConfiguration;
			buildSettings = {
				ASSETCATALOG_COMPILER_APPICON_NAME = AppIcon;
				CODE_SIGN_STYLE = Automatic;
				DEVELOPMENT_TEAM = R6FYHGP54R;
				INFOPLIST_FILE = collectionview2/Info.plist;
				LD_RUNPATH_SEARCH_PATHS = (
					"$(inherited)",
					"@executable_path/Frameworks",
				);
				PRODUCT_BUNDLE_IDENTIFIER = com.comAutolayout.collectionview2;
				PRODUCT_NAME = "$(TARGET_NAME)";
				SWIFT_VERSION = 5.0;
				TARGETED_DEVICE_FAMILY = "1,2";
			};
			name = Debug;
		};
		324DB95E248DD4540024CA7B /* Release */ = {
			isa = XCBuildConfiguration;
			buildSettings = {
				ASSETCATALOG_COMPILER_APPICON_NAME = AppIcon;
				CODE_SIGN_STYLE = Automatic;
				DEVELOPMENT_TEAM = R6FYHGP54R;
				INFOPLIST_FILE = collectionview2/Info.plist;
				LD_RUNPATH_SEARCH_PATHS = (
					"$(inherited)",
					"@executable_path/Frameworks",
				);
				PRODUCT_BUNDLE_IDENTIFIER = com.comAutolayout.collectionview2;
				PRODUCT_NAME = "$(TARGET_NAME)";
				SWIFT_VERSION = 5.0;
				TARGETED_DEVICE_FAMILY = "1,2";
			};
			name = Release;
		};
/* End XCBuildConfiguration section */

/* Begin XCConfigurationList section */
		324DB943248DD4520024CA7B /* Build configuration list for PBXProject "collectionview2" */ = {
			isa = XCConfigurationList;
			buildConfigurations = (
				324DB95A248DD4540024CA7B /* Debug */,
				324DB95B248DD4540024CA7B /* Release */,
			);
			defaultConfigurationIsVisible = 0;
			defaultConfigurationName = Release;
		};
		324DB95C248DD4540024CA7B /* Build configuration list for PBXNativeTarget "collectionview2" */ = {
			isa = XCConfigurationList;
			buildConfigurations = (
				324DB95D248DD4540024CA7B /* Debug */,
				324DB95E248DD4540024CA7B /* Release */,
			);
			defaultConfigurationIsVisible = 0;
			defaultConfigurationName = Release;
		};
/* End XCConfigurationList section */
	};
	rootObject = 324DB940248DD4520024CA7B /* Project object */;
}
